
Microsoft Visual Studio Solution File, Format Version 12.00
# Visual Studio Version 17
VisualStudioVersion = 17.0.32126.317
MinimumVisualStudioVersion = 10.0.40219.1
Project("{FAE04EC0-301F-11D3-BF4B-00C04F79EFBC}") = "ParkyAPI", "ParkyAPI\ParkyAPI.csproj", "{90C3F51D-62CC-46D5-8B7A-7DF5B75B958E}"
EndProject
Global
	GlobalSection(SolutionConfigurationPlatforms) = preSolution
		Debug|Any CPU = Debug|Any CPU
		Release|Any CPU = Release|Any CPU
	EndGlobalSection
	GlobalSection(ProjectConfigurationPlatforms) = postSolution
		{90C3F51D-62CC-46D5-8B7A-7DF5B75B958E}.Debug|Any CPU.ActiveCfg = Debug|Any CPU
		{90C3F51D-62CC-46D5-8B7A-7DF5B75B958E}.Debug|Any CPU.Build.0 = Debug|Any CPU
		{90C3F51D-62CC-46D5-8B7A-7DF5B75B958E}.Release|Any CPU.ActiveCfg = Release|Any CPU
		{90C3F51D-62CC-46D5-8B7A-7DF5B75B958E}.Release|Any CPU.Build.0 = Release|Any CPU
	EndGlobalSection
	GlobalSection(SolutionProperties) = preSolution
		HideSolutionNode = FALSE
	EndGlobalSection
	GlobalSection(ExtensibilityGlobals) = postSolution
		SolutionGuid = {6CAFAE6C-EAC1-49DC-BF1E-80057AF90822}
	EndGlobalSection
EndGlobal
